
Microsoft Visual Studio Solution File, Format Version 12.00
# Visual Studio Version 17
VisualStudioVersion = 17.0.31903.59
MinimumVisualStudioVersion = 10.0.40219.1
Project("{FAE04EC0-301F-11D3-BF4B-00C04F79EFBC}") = "the-big-zuck.Api", "the-big-zuck.Api\the-big-zuck.Api.csproj", "{D55861C1-C391-42FC-A5ED-C4D9774F8634}"
EndProject
Project("{FAE04EC0-301F-11D3-BF4B-00C04F79EFBC}") = "the-big-zuck.Domain", "the-big-zuck.Domain\the-big-zuck.Domain.csproj", "{C4059BAF-C184-45E7-BF0C-61D494495D74}"
EndProject
Global
	GlobalSection(SolutionConfigurationPlatforms) = preSolution
		Debug|Any CPU = Debug|Any CPU
		Release|Any CPU = Release|Any CPU
	EndGlobalSection
	GlobalSection(SolutionProperties) = preSolution
		HideSolutionNode = FALSE
	EndGlobalSection
	GlobalSection(ProjectConfigurationPlatforms) = postSolution
		{D55861C1-C391-42FC-A5ED-C4D9774F8634}.Debug|Any CPU.ActiveCfg = Debug|Any CPU
		{D55861C1-C391-42FC-A5ED-C4D9774F8634}.Debug|Any CPU.Build.0 = Debug|Any CPU
		{D55861C1-C391-42FC-A5ED-C4D9774F8634}.Release|Any CPU.ActiveCfg = Release|Any CPU
		{D55861C1-C391-42FC-A5ED-C4D9774F8634}.Release|Any CPU.Build.0 = Release|Any CPU
		{C4059BAF-C184-45E7-BF0C-61D494495D74}.Debug|Any CPU.ActiveCfg = Debug|Any CPU
		{C4059BAF-C184-45E7-BF0C-61D494495D74}.Debug|Any CPU.Build.0 = Debug|Any CPU
		{C4059BAF-C184-45E7-BF0C-61D494495D74}.Release|Any CPU.ActiveCfg = Release|Any CPU
		{C4059BAF-C184-45E7-BF0C-61D494495D74}.Release|Any CPU.Build.0 = Release|Any CPU
	EndGlobalSection
EndGlobal
