
Microsoft Visual Studio Solution File, Format Version 12.00
# Visual Studio Version 17
VisualStudioVersion = 17.0.31903.59
MinimumVisualStudioVersion = 10.0.40219.1
Project("{FAE04EC0-301F-11D3-BF4B-00C04F79EFBC}") = "the-big-zuck.Domain", "the-big-zuck.Domain\the-big-zuck.Domain.csproj", "{853FFF63-2B29-4D1C-BAD9-AAF09263B770}"
EndProject
Project("{FAE04EC0-301F-11D3-BF4B-00C04F79EFBC}") = "the-big-zuck.api", "the-big-zuck.api\the-big-zuck.api.csproj", "{BB672A8F-9B92-45DE-9973-2FD42912E062}"
EndProject
Global
	GlobalSection(SolutionConfigurationPlatforms) = preSolution
		Debug|Any CPU = Debug|Any CPU
		Release|Any CPU = Release|Any CPU
	EndGlobalSection
	GlobalSection(SolutionProperties) = preSolution
		HideSolutionNode = FALSE
	EndGlobalSection
	GlobalSection(ProjectConfigurationPlatforms) = postSolution
		{853FFF63-2B29-4D1C-BAD9-AAF09263B770}.Debug|Any CPU.ActiveCfg = Debug|Any CPU
		{853FFF63-2B29-4D1C-BAD9-AAF09263B770}.Debug|Any CPU.Build.0 = Debug|Any CPU
		{853FFF63-2B29-4D1C-BAD9-AAF09263B770}.Release|Any CPU.ActiveCfg = Release|Any CPU
		{853FFF63-2B29-4D1C-BAD9-AAF09263B770}.Release|Any CPU.Build.0 = Release|Any CPU
		{BB672A8F-9B92-45DE-9973-2FD42912E062}.Debug|Any CPU.ActiveCfg = Debug|Any CPU
		{BB672A8F-9B92-45DE-9973-2FD42912E062}.Debug|Any CPU.Build.0 = Debug|Any CPU
		{BB672A8F-9B92-45DE-9973-2FD42912E062}.Release|Any CPU.ActiveCfg = Release|Any CPU
		{BB672A8F-9B92-45DE-9973-2FD42912E062}.Release|Any CPU.Build.0 = Release|Any CPU
	EndGlobalSection
EndGlobal
