
Microsoft Visual Studio Solution File, Format Version 12.00
# Visual Studio Version 17
VisualStudioVersion = 17.0.31903.59
MinimumVisualStudioVersion = 10.0.40219.1
Project("{FAE04EC0-301F-11D3-BF4B-00C04F79EFBC}") = "the.big.zuck.Api", "the.big.zuck.Api\the.big.zuck.Api.csproj", "{DF9C1D3D-C434-4BEC-92DD-AFFA36293465}"
EndProject
Project("{FAE04EC0-301F-11D3-BF4B-00C04F79EFBC}") = "the.big.zuck.Domain", "the.big.zuck.Domain\the.big.zuck.Domain.csproj", "{D781DB83-7B0C-4230-AF76-0380A444083F}"
EndProject
Project("{FAE04EC0-301F-11D3-BF4B-00C04F79EFBC}") = "the.big.zuck.Data", "the.big.zuck.Data\the.big.zuck.Data.csproj", "{35216F94-465B-416B-A916-6117ADC171D4}"
EndProject
Project("{2150E333-8FDC-42A3-9474-1A3956D46DE8}") = "tests", "tests", "{98203B93-9F4B-43B2-862D-F6C17A133368}"
EndProject
Project("{FAE04EC0-301F-11D3-BF4B-00C04F79EFBC}") = "the.big.zuck.Domain.Tests", "tests\the.big.zuck.Domain.Tests\the.big.zuck.Domain.Tests.csproj", "{98EC367D-231E-4AC9-AA86-F852AB479FAC}"
EndProject
Global
	GlobalSection(SolutionConfigurationPlatforms) = preSolution
		Debug|Any CPU = Debug|Any CPU
		Release|Any CPU = Release|Any CPU
	EndGlobalSection
	GlobalSection(SolutionProperties) = preSolution
		HideSolutionNode = FALSE
	EndGlobalSection
	GlobalSection(ProjectConfigurationPlatforms) = postSolution
		{DF9C1D3D-C434-4BEC-92DD-AFFA36293465}.Debug|Any CPU.ActiveCfg = Debug|Any CPU
		{DF9C1D3D-C434-4BEC-92DD-AFFA36293465}.Debug|Any CPU.Build.0 = Debug|Any CPU
		{DF9C1D3D-C434-4BEC-92DD-AFFA36293465}.Release|Any CPU.ActiveCfg = Release|Any CPU
		{DF9C1D3D-C434-4BEC-92DD-AFFA36293465}.Release|Any CPU.Build.0 = Release|Any CPU
		{D781DB83-7B0C-4230-AF76-0380A444083F}.Debug|Any CPU.ActiveCfg = Debug|Any CPU
		{D781DB83-7B0C-4230-AF76-0380A444083F}.Debug|Any CPU.Build.0 = Debug|Any CPU
		{D781DB83-7B0C-4230-AF76-0380A444083F}.Release|Any CPU.ActiveCfg = Release|Any CPU
		{D781DB83-7B0C-4230-AF76-0380A444083F}.Release|Any CPU.Build.0 = Release|Any CPU
		{35216F94-465B-416B-A916-6117ADC171D4}.Debug|Any CPU.ActiveCfg = Debug|Any CPU
		{35216F94-465B-416B-A916-6117ADC171D4}.Debug|Any CPU.Build.0 = Debug|Any CPU
		{35216F94-465B-416B-A916-6117ADC171D4}.Release|Any CPU.ActiveCfg = Release|Any CPU
		{35216F94-465B-416B-A916-6117ADC171D4}.Release|Any CPU.Build.0 = Release|Any CPU
		{98EC367D-231E-4AC9-AA86-F852AB479FAC}.Debug|Any CPU.ActiveCfg = Debug|Any CPU
		{98EC367D-231E-4AC9-AA86-F852AB479FAC}.Debug|Any CPU.Build.0 = Debug|Any CPU
		{98EC367D-231E-4AC9-AA86-F852AB479FAC}.Release|Any CPU.ActiveCfg = Release|Any CPU
		{98EC367D-231E-4AC9-AA86-F852AB479FAC}.Release|Any CPU.Build.0 = Release|Any CPU
	EndGlobalSection
	GlobalSection(NestedProjects) = preSolution
		{98EC367D-231E-4AC9-AA86-F852AB479FAC} = {98203B93-9F4B-43B2-862D-F6C17A133368}
	EndGlobalSection
EndGlobal
